// !$*UTF8*$!
{
	archiveVersion = 1;
	classes = {
	};
	objectVersion = 55;
	objects = {

/* Begin PBXBuildFile section */
		40610BD9285C5E3600CC7903 /* temp2.swift in Sources */ = {isa = PBXBuildFile; fileRef = 40610BD8285C5E3600CC7903 /* temp2.swift */; };
		40610BDB285C5E4200CC7903 /* temp3.swift in Sources */ = {isa = PBXBuildFile; fileRef = 40610BDA285C5E4200CC7903 /* temp3.swift */; };
		40610BDE285C5F3500CC7903 /* temp1.swift in Sources */ = {isa = PBXBuildFile; fileRef = 40610BDD285C5F3500CC7903 /* temp1.swift */; };
		823A03E07B3007B9DB63E4CA /* Pods_campair.framework in Frameworks */ = {isa = PBXBuildFile; fileRef = EEE262B177D80904B01C5D51 /* Pods_campair.framework */; };
		911531CF28587B7000961E08 /* EditorEquipListView.swift in Sources */ = {isa = PBXBuildFile; fileRef = 911531CE28587B7000961E08 /* EditorEquipListView.swift */; };
		911841AA285C559D004E7BB3 /* 먹으러_가는_차박.svg in Resources */ = {isa = PBXBuildFile; fileRef = 911841A9285C559D004E7BB3 /* 먹으러_가는_차박.svg */; };
		911841AF285C5818004E7BB3 /* DictionaryContentView.swift in Sources */ = {isa = PBXBuildFile; fileRef = 911841AE285C5818004E7BB3 /* DictionaryContentView.swift */; };
		911841B3285C586C004E7BB3 /* EditorDetailViewModel.swift in Sources */ = {isa = PBXBuildFile; fileRef = 911841B2285C586C004E7BB3 /* EditorDetailViewModel.swift */; };
		911841B5285C58A4004E7BB3 /* DictionaryContentViewModel.swift in Sources */ = {isa = PBXBuildFile; fileRef = 911841B4285C58A4004E7BB3 /* DictionaryContentViewModel.swift */; };
		911841B7285C58B9004E7BB3 /* DictionaryDetailViewModel.swift in Sources */ = {isa = PBXBuildFile; fileRef = 911841B6285C58B9004E7BB3 /* DictionaryDetailViewModel.swift */; };
		911841B9285C58D0004E7BB3 /* DictionaryMainViewModel.swift in Sources */ = {isa = PBXBuildFile; fileRef = 911841B8285C58D0004E7BB3 /* DictionaryMainViewModel.swift */; };
		911841BB285C5916004E7BB3 /* DictionaryUseCase.swift in Sources */ = {isa = PBXBuildFile; fileRef = 911841BA285C5916004E7BB3 /* DictionaryUseCase.swift */; };
		911841BD285C5965004E7BB3 /* DictionaryRepository.swift in Sources */ = {isa = PBXBuildFile; fileRef = 911841BC285C5965004E7BB3 /* DictionaryRepository.swift */; };
		913DAD3D285B7591005FDA13 /* CampairApp.swift in Sources */ = {isa = PBXBuildFile; fileRef = A884D24B2852CD7B004871B1 /* CampairApp.swift */; };
		915AE0F62856FB8100CAC50A /* OpeningSection.swift in Sources */ = {isa = PBXBuildFile; fileRef = 915AE0F52856FB8100CAC50A /* OpeningSection.swift */; };
		915AE0F82856FB9A00CAC50A /* EquipmentContent.swift in Sources */ = {isa = PBXBuildFile; fileRef = 915AE0F72856FB9A00CAC50A /* EquipmentContent.swift */; };
		91915AB7285AC55500003C7F /* ContentEquipment.swift in Sources */ = {isa = PBXBuildFile; fileRef = 91915AB6285AC55500003C7F /* ContentEquipment.swift */; };
		91915ABC285AC72100003C7F /* EditorDetailContent.swift in Sources */ = {isa = PBXBuildFile; fileRef = 91915ABB285AC72100003C7F /* EditorDetailContent.swift */; };
		91915AC0285AD52300003C7F /* EditorDetailContentData.json in Resources */ = {isa = PBXBuildFile; fileRef = 91915ABF285AD52300003C7F /* EditorDetailContentData.json */; };
		9194800728575DAE004F4BF5 /* EditorMainView.swift in Sources */ = {isa = PBXBuildFile; fileRef = 9194800628575DAE004F4BF5 /* EditorMainView.swift */; };
		9194800928581E1C004F4BF5 /* EditorCardView.swift in Sources */ = {isa = PBXBuildFile; fileRef = 9194800828581E1C004F4BF5 /* EditorCardView.swift */; };
		919EFA5C285B2D6100F5ECEA /* 차로_떠나는_피크닉.png in Resources */ = {isa = PBXBuildFile; fileRef = 919EFA5B285B2D6100F5ECEA /* 차로_떠나는_피크닉.png */; };
		919EFA5E285B389B00F5ECEA /* 경량_체어.png in Resources */ = {isa = PBXBuildFile; fileRef = 919EFA5D285B389B00F5ECEA /* 경량_체어.png */; };
		91B8BC292855A8CB00786C2D /* EditorMainCollectionData.json in Resources */ = {isa = PBXBuildFile; fileRef = 91B8BC282855A8CB00786C2D /* EditorMainCollectionData.json */; };
		91B8BC2B2855A90500786C2D /* EditorMainContent.swift in Sources */ = {isa = PBXBuildFile; fileRef = 91B8BC2A2855A90500786C2D /* EditorMainContent.swift */; };
		91B8BC2D2855A91300786C2D /* EditorMainCollection.swift in Sources */ = {isa = PBXBuildFile; fileRef = 91B8BC2C2855A91300786C2D /* EditorMainCollection.swift */; };
		91F74E7D285495C30002A637 /* .swiftlint.yml in Resources */ = {isa = PBXBuildFile; fileRef = 91F74E7C285495C30002A637 /* .swiftlint.yml */; };
		A884D24E2852CD7B004871B1 /* ContentView.swift in Sources */ = {isa = PBXBuildFile; fileRef = A884D24D2852CD7B004871B1 /* ContentView.swift */; };
		A884D2502852CD7C004871B1 /* Assets.xcassets in Resources */ = {isa = PBXBuildFile; fileRef = A884D24F2852CD7C004871B1 /* Assets.xcassets */; };
		A884D2532852CD7C004871B1 /* Preview Assets.xcassets in Resources */ = {isa = PBXBuildFile; fileRef = A884D2522852CD7C004871B1 /* Preview Assets.xcassets */; };
		CC00FAD428574F5F00BA8549 /* EditorDetailContentsVersionView.swift in Sources */ = {isa = PBXBuildFile; fileRef = CC00FAD328574F5F00BA8549 /* EditorDetailContentsVersionView.swift */; };
		CC00FADA28581E8E00BA8549 /* ColorExtension.swift in Sources */ = {isa = PBXBuildFile; fileRef = CC00FAD928581E8E00BA8549 /* ColorExtension.swift */; };
		CC00FADC28583B1F00BA8549 /* SafeAreaPadding.swift in Sources */ = {isa = PBXBuildFile; fileRef = CC00FADB28583B1F00BA8549 /* SafeAreaPadding.swift */; };
		CC396453285B338D005DC3F8 /* ViewExtension.swift in Sources */ = {isa = PBXBuildFile; fileRef = CC396452285B338D005DC3F8 /* ViewExtension.swift */; };
		CC434EAA2859C80600EB487F /* ShareRecommendedEquipmentView.swift in Sources */ = {isa = PBXBuildFile; fileRef = CC434EA92859C80600EB487F /* ShareRecommendedEquipmentView.swift */; };
		CC434EAC2859C82300EB487F /* RecommendedEquipmentCardView.swift in Sources */ = {isa = PBXBuildFile; fileRef = CC434EAB2859C82300EB487F /* RecommendedEquipmentCardView.swift */; };
		CC434EAE2859C83400EB487F /* EditorRecommendEquipmentView.swift in Sources */ = {isa = PBXBuildFile; fileRef = CC434EAD2859C83400EB487F /* EditorRecommendEquipmentView.swift */; };
		CC434EB02859CC2A00EB487F /* OpeningEditorView.swift in Sources */ = {isa = PBXBuildFile; fileRef = CC434EAF2859CC2A00EB487F /* OpeningEditorView.swift */; };
		CC434EB32859CCBD00EB487F /* EditorDetailListVersionView.swift in Sources */ = {isa = PBXBuildFile; fileRef = CC434EB22859CCBD00EB487F /* EditorDetailListVersionView.swift */; };
		CC434EB72859D23700EB487F /* EditorDetailView.swift in Sources */ = {isa = PBXBuildFile; fileRef = CC434EB62859D23700EB487F /* EditorDetailView.swift */; };
		CC434EBC285A250600EB487F /* EquipmentGroup.swift in Sources */ = {isa = PBXBuildFile; fileRef = CC434EBB285A250600EB487F /* EquipmentGroup.swift */; };
		CC434EBE285A257200EB487F /* EquipmentCollection.swift in Sources */ = {isa = PBXBuildFile; fileRef = CC434EBD285A257200EB487F /* EquipmentCollection.swift */; };
		CC9D118B28573366000FEC81 /* EditorMainViewModel.swift in Sources */ = {isa = PBXBuildFile; fileRef = CC9D118A28573366000FEC81 /* EditorMainViewModel.swift */; };
		CC9D118D2857336F000FEC81 /* EditorUseCase.swift in Sources */ = {isa = PBXBuildFile; fileRef = CC9D118C2857336F000FEC81 /* EditorUseCase.swift */; };
		CC9D118F2857337A000FEC81 /* EditorRepository.swift in Sources */ = {isa = PBXBuildFile; fileRef = CC9D118E2857337A000FEC81 /* EditorRepository.swift */; };
		CC9D1191285733A2000FEC81 /* Equipment.swift in Sources */ = {isa = PBXBuildFile; fileRef = CC9D1190285733A2000FEC81 /* Equipment.swift */; };
		F62A6D1C2859B9BC00755AF3 /* DictionaryDetailedView.swift in Sources */ = {isa = PBXBuildFile; fileRef = F62A6D1B2859B9BC00755AF3 /* DictionaryDetailedView.swift */; };
		F62A6D1E2859BC4400755AF3 /* DictionaryMainView.swift in Sources */ = {isa = PBXBuildFile; fileRef = F62A6D1D2859BC4400755AF3 /* DictionaryMainView.swift */; };
/* End PBXBuildFile section */

/* Begin PBXFileReference section */
		0A0ECEB268ACE01987E659A3 /* Pods-campair.debug.xcconfig */ = {isa = PBXFileReference; includeInIndex = 1; lastKnownFileType = text.xcconfig; name = "Pods-campair.debug.xcconfig"; path = "Target Support Files/Pods-campair/Pods-campair.debug.xcconfig"; sourceTree = "<group>"; };
		40610BD8285C5E3600CC7903 /* temp2.swift */ = {isa = PBXFileReference; lastKnownFileType = sourcecode.swift; path = temp2.swift; sourceTree = "<group>"; };
		40610BDA285C5E4200CC7903 /* temp3.swift */ = {isa = PBXFileReference; lastKnownFileType = sourcecode.swift; path = temp3.swift; sourceTree = "<group>"; };
		40610BDD285C5F3500CC7903 /* temp1.swift */ = {isa = PBXFileReference; lastKnownFileType = sourcecode.swift; path = temp1.swift; sourceTree = "<group>"; };
		4467E420AFA70CB9D8286C7E /* Pods-campair.release.xcconfig */ = {isa = PBXFileReference; includeInIndex = 1; lastKnownFileType = text.xcconfig; name = "Pods-campair.release.xcconfig"; path = "Target Support Files/Pods-campair/Pods-campair.release.xcconfig"; sourceTree = "<group>"; };
		911531CE28587B7000961E08 /* EditorEquipListView.swift */ = {isa = PBXFileReference; lastKnownFileType = sourcecode.swift; path = EditorEquipListView.swift; sourceTree = "<group>"; };
		911841A9285C559D004E7BB3 /* 먹으러_가는_차박.svg */ = {isa = PBXFileReference; fileEncoding = 4; lastKnownFileType = text.xml; path = "먹으러_가는_차박.svg"; sourceTree = "<group>"; };
		911841AE285C5818004E7BB3 /* DictionaryContentView.swift */ = {isa = PBXFileReference; lastKnownFileType = sourcecode.swift; path = DictionaryContentView.swift; sourceTree = "<group>"; };
		911841B2285C586C004E7BB3 /* EditorDetailViewModel.swift */ = {isa = PBXFileReference; lastKnownFileType = sourcecode.swift; path = EditorDetailViewModel.swift; sourceTree = "<group>"; };
		911841B4285C58A4004E7BB3 /* DictionaryContentViewModel.swift */ = {isa = PBXFileReference; lastKnownFileType = sourcecode.swift; path = DictionaryContentViewModel.swift; sourceTree = "<group>"; };
		911841B6285C58B9004E7BB3 /* DictionaryDetailViewModel.swift */ = {isa = PBXFileReference; lastKnownFileType = sourcecode.swift; path = DictionaryDetailViewModel.swift; sourceTree = "<group>"; };
		911841B8285C58D0004E7BB3 /* DictionaryMainViewModel.swift */ = {isa = PBXFileReference; lastKnownFileType = sourcecode.swift; path = DictionaryMainViewModel.swift; sourceTree = "<group>"; };
		911841BA285C5916004E7BB3 /* DictionaryUseCase.swift */ = {isa = PBXFileReference; lastKnownFileType = sourcecode.swift; path = DictionaryUseCase.swift; sourceTree = "<group>"; };
		911841BC285C5965004E7BB3 /* DictionaryRepository.swift */ = {isa = PBXFileReference; lastKnownFileType = sourcecode.swift; path = DictionaryRepository.swift; sourceTree = "<group>"; };
		915AE0F52856FB8100CAC50A /* OpeningSection.swift */ = {isa = PBXFileReference; lastKnownFileType = sourcecode.swift; path = OpeningSection.swift; sourceTree = "<group>"; };
		915AE0F72856FB9A00CAC50A /* EquipmentContent.swift */ = {isa = PBXFileReference; lastKnownFileType = sourcecode.swift; path = EquipmentContent.swift; sourceTree = "<group>"; };
		91915AB6285AC55500003C7F /* ContentEquipment.swift */ = {isa = PBXFileReference; lastKnownFileType = sourcecode.swift; path = ContentEquipment.swift; sourceTree = "<group>"; };
		91915ABB285AC72100003C7F /* EditorDetailContent.swift */ = {isa = PBXFileReference; lastKnownFileType = sourcecode.swift; path = EditorDetailContent.swift; sourceTree = "<group>"; };
		91915ABF285AD52300003C7F /* EditorDetailContentData.json */ = {isa = PBXFileReference; lastKnownFileType = text.json; path = EditorDetailContentData.json; sourceTree = "<group>"; };
		9194800628575DAE004F4BF5 /* EditorMainView.swift */ = {isa = PBXFileReference; lastKnownFileType = sourcecode.swift; path = EditorMainView.swift; sourceTree = "<group>"; };
		9194800828581E1C004F4BF5 /* EditorCardView.swift */ = {isa = PBXFileReference; lastKnownFileType = sourcecode.swift; path = EditorCardView.swift; sourceTree = "<group>"; };
		919EFA5B285B2D6100F5ECEA /* 차로_떠나는_피크닉.png */ = {isa = PBXFileReference; lastKnownFileType = image.png; path = "차로_떠나는_피크닉.png"; sourceTree = "<group>"; };
		919EFA5D285B389B00F5ECEA /* 경량_체어.png */ = {isa = PBXFileReference; lastKnownFileType = image.png; path = "경량_체어.png"; sourceTree = "<group>"; };
		91B8BC282855A8CB00786C2D /* EditorMainCollectionData.json */ = {isa = PBXFileReference; lastKnownFileType = text.json; path = EditorMainCollectionData.json; sourceTree = "<group>"; };
		91B8BC2A2855A90500786C2D /* EditorMainContent.swift */ = {isa = PBXFileReference; lastKnownFileType = sourcecode.swift; path = EditorMainContent.swift; sourceTree = "<group>"; };
		91B8BC2C2855A91300786C2D /* EditorMainCollection.swift */ = {isa = PBXFileReference; lastKnownFileType = sourcecode.swift; path = EditorMainCollection.swift; sourceTree = "<group>"; };
		91F74E7C285495C30002A637 /* .swiftlint.yml */ = {isa = PBXFileReference; lastKnownFileType = text.yaml; path = .swiftlint.yml; sourceTree = "<group>"; };
		A884D2482852CD7B004871B1 /* campair.app */ = {isa = PBXFileReference; explicitFileType = wrapper.application; includeInIndex = 0; path = campair.app; sourceTree = BUILT_PRODUCTS_DIR; };
		A884D24B2852CD7B004871B1 /* CampairApp.swift */ = {isa = PBXFileReference; lastKnownFileType = sourcecode.swift; path = CampairApp.swift; sourceTree = "<group>"; };
		A884D24D2852CD7B004871B1 /* ContentView.swift */ = {isa = PBXFileReference; lastKnownFileType = sourcecode.swift; path = ContentView.swift; sourceTree = "<group>"; };
		A884D24F2852CD7C004871B1 /* Assets.xcassets */ = {isa = PBXFileReference; lastKnownFileType = folder.assetcatalog; path = Assets.xcassets; sourceTree = "<group>"; };
		A884D2522852CD7C004871B1 /* Preview Assets.xcassets */ = {isa = PBXFileReference; lastKnownFileType = folder.assetcatalog; path = "Preview Assets.xcassets"; sourceTree = "<group>"; };
		CC00FAD328574F5F00BA8549 /* EditorDetailContentsVersionView.swift */ = {isa = PBXFileReference; lastKnownFileType = sourcecode.swift; path = EditorDetailContentsVersionView.swift; sourceTree = "<group>"; };
		CC00FAD928581E8E00BA8549 /* ColorExtension.swift */ = {isa = PBXFileReference; lastKnownFileType = sourcecode.swift; path = ColorExtension.swift; sourceTree = "<group>"; };
		CC00FADB28583B1F00BA8549 /* SafeAreaPadding.swift */ = {isa = PBXFileReference; lastKnownFileType = sourcecode.swift; path = SafeAreaPadding.swift; sourceTree = "<group>"; };
		CC396452285B338D005DC3F8 /* ViewExtension.swift */ = {isa = PBXFileReference; lastKnownFileType = sourcecode.swift; path = ViewExtension.swift; sourceTree = "<group>"; };
		CC434EA92859C80600EB487F /* ShareRecommendedEquipmentView.swift */ = {isa = PBXFileReference; lastKnownFileType = sourcecode.swift; path = ShareRecommendedEquipmentView.swift; sourceTree = "<group>"; };
		CC434EAB2859C82300EB487F /* RecommendedEquipmentCardView.swift */ = {isa = PBXFileReference; lastKnownFileType = sourcecode.swift; path = RecommendedEquipmentCardView.swift; sourceTree = "<group>"; };
		CC434EAD2859C83400EB487F /* EditorRecommendEquipmentView.swift */ = {isa = PBXFileReference; lastKnownFileType = sourcecode.swift; path = EditorRecommendEquipmentView.swift; sourceTree = "<group>"; };
		CC434EAF2859CC2A00EB487F /* OpeningEditorView.swift */ = {isa = PBXFileReference; lastKnownFileType = sourcecode.swift; path = OpeningEditorView.swift; sourceTree = "<group>"; };
		CC434EB22859CCBD00EB487F /* EditorDetailListVersionView.swift */ = {isa = PBXFileReference; lastKnownFileType = sourcecode.swift; path = EditorDetailListVersionView.swift; sourceTree = "<group>"; };
		CC434EB62859D23700EB487F /* EditorDetailView.swift */ = {isa = PBXFileReference; lastKnownFileType = sourcecode.swift; path = EditorDetailView.swift; sourceTree = "<group>"; };
		CC434EBB285A250600EB487F /* EquipmentGroup.swift */ = {isa = PBXFileReference; lastKnownFileType = sourcecode.swift; path = EquipmentGroup.swift; sourceTree = "<group>"; };
		CC434EBD285A257200EB487F /* EquipmentCollection.swift */ = {isa = PBXFileReference; lastKnownFileType = sourcecode.swift; path = EquipmentCollection.swift; sourceTree = "<group>"; };
		CC9D118A28573366000FEC81 /* EditorMainViewModel.swift */ = {isa = PBXFileReference; fileEncoding = 4; lastKnownFileType = sourcecode.swift; path = EditorMainViewModel.swift; sourceTree = "<group>"; };
		CC9D118C2857336F000FEC81 /* EditorUseCase.swift */ = {isa = PBXFileReference; fileEncoding = 4; lastKnownFileType = sourcecode.swift; path = EditorUseCase.swift; sourceTree = "<group>"; };
		CC9D118E2857337A000FEC81 /* EditorRepository.swift */ = {isa = PBXFileReference; fileEncoding = 4; lastKnownFileType = sourcecode.swift; path = EditorRepository.swift; sourceTree = "<group>"; };
		CC9D1190285733A2000FEC81 /* Equipment.swift */ = {isa = PBXFileReference; fileEncoding = 4; lastKnownFileType = sourcecode.swift; path = Equipment.swift; sourceTree = "<group>"; };
		EEE262B177D80904B01C5D51 /* Pods_campair.framework */ = {isa = PBXFileReference; explicitFileType = wrapper.framework; includeInIndex = 0; path = Pods_campair.framework; sourceTree = BUILT_PRODUCTS_DIR; };
		F62A6D1B2859B9BC00755AF3 /* DictionaryDetailedView.swift */ = {isa = PBXFileReference; lastKnownFileType = sourcecode.swift; path = DictionaryDetailedView.swift; sourceTree = "<group>"; };
		F62A6D1D2859BC4400755AF3 /* DictionaryMainView.swift */ = {isa = PBXFileReference; lastKnownFileType = sourcecode.swift; path = DictionaryMainView.swift; sourceTree = "<group>"; };
/* End PBXFileReference section */

/* Begin PBXFrameworksBuildPhase section */
		A884D2452852CD7B004871B1 /* Frameworks */ = {
			isa = PBXFrameworksBuildPhase;
			buildActionMask = 2147483647;
			files = (
				823A03E07B3007B9DB63E4CA /* Pods_campair.framework in Frameworks */,
			);
			runOnlyForDeploymentPostprocessing = 0;
		};
/* End PBXFrameworksBuildPhase section */

/* Begin PBXGroup section */
		0F68B6219A352C19692AE98D /* Frameworks */ = {
			isa = PBXGroup;
			children = (
				EEE262B177D80904B01C5D51 /* Pods_campair.framework */,
			);
			name = Frameworks;
			sourceTree = "<group>";
		};
		40610BD3285C5DEA00CC7903 /* Detail */ = {
			isa = PBXGroup;
			children = (
				40610BD8285C5E3600CC7903 /* temp2.swift */,
			);
			path = Detail;
			sourceTree = "<group>";
		};
		40610BD5285C5E0500CC7903 /* Content */ = {
			isa = PBXGroup;
			children = (
				40610BDA285C5E4200CC7903 /* temp3.swift */,
			);
			path = Content;
			sourceTree = "<group>";
		};
		40610BDC285C5F2700CC7903 /* Main */ = {
			isa = PBXGroup;
			children = (
				40610BDD285C5F3500CC7903 /* temp1.swift */,
			);
			path = Main;
			sourceTree = "<group>";
		};
		911841A6285C5495004E7BB3 /* Equipment */ = {
			isa = PBXGroup;
			children = (
				919EFA5D285B389B00F5ECEA /* 경량_체어.png */,
			);
			path = Equipment;
			sourceTree = "<group>";
		};
		911841A7285C54A7004E7BB3 /* EquipmentGroup */ = {
			isa = PBXGroup;
			children = (
			);
			path = EquipmentGroup;
			sourceTree = "<group>";
		};
		911841A8285C54B7004E7BB3 /* CardPainting */ = {
			isa = PBXGroup;
			children = (
				919EFA5B285B2D6100F5ECEA /* 차로_떠나는_피크닉.png */,
				911841A9285C559D004E7BB3 /* 먹으러_가는_차박.svg */,
			);
			path = CardPainting;
			sourceTree = "<group>";
		};
		911841AB285C57C8004E7BB3 /* Main */ = {
			isa = PBXGroup;
			children = (
				F62A6D1D2859BC4400755AF3 /* DictionaryMainView.swift */,
			);
			path = Main;
			sourceTree = "<group>";
		};
		911841AC285C57CD004E7BB3 /* Detail */ = {
			isa = PBXGroup;
			children = (
				F62A6D1B2859B9BC00755AF3 /* DictionaryDetailedView.swift */,
			);
			path = Detail;
			sourceTree = "<group>";
		};
		911841AD285C57E4004E7BB3 /* Content */ = {
			isa = PBXGroup;
			children = (
				911841AE285C5818004E7BB3 /* DictionaryContentView.swift */,
			);
			path = Content;
			sourceTree = "<group>";
		};
		911841B0285C583F004E7BB3 /* Editor */ = {
			isa = PBXGroup;
			children = (
				CC9D118A28573366000FEC81 /* EditorMainViewModel.swift */,
				911841B2285C586C004E7BB3 /* EditorDetailViewModel.swift */,
			);
			path = Editor;
			sourceTree = "<group>";
		};
		911841B1285C5848004E7BB3 /* Dictionary */ = {
			isa = PBXGroup;
			children = (
				911841B8285C58D0004E7BB3 /* DictionaryMainViewModel.swift */,
				911841B6285C58B9004E7BB3 /* DictionaryDetailViewModel.swift */,
				911841B4285C58A4004E7BB3 /* DictionaryContentViewModel.swift */,
			);
			path = Dictionary;
			sourceTree = "<group>";
		};
		911841C1285C59F5004E7BB3 /* Json */ = {
			isa = PBXGroup;
			children = (
				911841C2285C5A08004E7BB3 /* Editor */,
				911841C3285C5A12004E7BB3 /* Dictionary */,
			);
			path = Json;
			sourceTree = "<group>";
		};
		911841C2285C5A08004E7BB3 /* Editor */ = {
			isa = PBXGroup;
			children = (
				91B8BC282855A8CB00786C2D /* EditorMainCollectionData.json */,
				91915ABF285AD52300003C7F /* EditorDetailContentData.json */,
			);
			path = Editor;
			sourceTree = "<group>";
		};
		911841C3285C5A12004E7BB3 /* Dictionary */ = {
			isa = PBXGroup;
			children = (
			);
			path = Dictionary;
			sourceTree = "<group>";
		};
		91915AB4285AC33400003C7F /* Editor */ = {
			isa = PBXGroup;
			children = (
				91915AB6285AC55500003C7F /* ContentEquipment.swift */,
				91915AB8285AC58600003C7F /* Main */,
				91915AB9285AC58F00003C7F /* Detail */,
			);
			path = Editor;
			sourceTree = "<group>";
		};
		91915AB5285AC33D00003C7F /* Dictionary */ = {
			isa = PBXGroup;
			children = (
				40610BDC285C5F2700CC7903 /* Main */,
				40610BD3285C5DEA00CC7903 /* Detail */,
				40610BD5285C5E0500CC7903 /* Content */,
				CC9D1190285733A2000FEC81 /* Equipment.swift */,
				CC434EBB285A250600EB487F /* EquipmentGroup.swift */,
				CC434EBD285A257200EB487F /* EquipmentCollection.swift */,
			);
			path = Dictionary;
			sourceTree = "<group>";
		};
		91915AB8285AC58600003C7F /* Main */ = {
			isa = PBXGroup;
			children = (
				91B8BC2C2855A91300786C2D /* EditorMainCollection.swift */,
				91B8BC2A2855A90500786C2D /* EditorMainContent.swift */,
			);
			path = Main;
			sourceTree = "<group>";
		};
		91915AB9285AC58F00003C7F /* Detail */ = {
			isa = PBXGroup;
			children = (
				91915ABB285AC72100003C7F /* EditorDetailContent.swift */,
				915AE0F52856FB8100CAC50A /* OpeningSection.swift */,
				915AE0F72856FB9A00CAC50A /* EquipmentContent.swift */,
			);
			path = Detail;
			sourceTree = "<group>";
		};
		9194800528575D91004F4BF5 /* Editor */ = {
			isa = PBXGroup;
			children = (
				CC434EA72859BB5C00EB487F /* Main */,
				CC434EA82859BB6600EB487F /* Detail */,
			);
			path = Editor;
			sourceTree = "<group>";
		};
		919EFA58285B2BF500F5ECEA /* Images */ = {
			isa = PBXGroup;
			children = (
				911841A8285C54B7004E7BB3 /* CardPainting */,
				911841A7285C54A7004E7BB3 /* EquipmentGroup */,
				911841A6285C5495004E7BB3 /* Equipment */,
			);
			path = Images;
			sourceTree = "<group>";
		};
		A884D23F2852CD7B004871B1 = {
			isa = PBXGroup;
			children = (
				91F74E7C285495C30002A637 /* .swiftlint.yml */,
				A884D24A2852CD7B004871B1 /* campair */,
				A884D2492852CD7B004871B1 /* Products */,
				0F68B6219A352C19692AE98D /* Frameworks */,
				C216A97E5D9208F641FD72EB /* Pods */,
			);
			sourceTree = "<group>";
		};
		A884D2492852CD7B004871B1 /* Products */ = {
			isa = PBXGroup;
			children = (
				A884D2482852CD7B004871B1 /* campair.app */,
			);
			name = Products;
			sourceTree = "<group>";
		};
		A884D24A2852CD7B004871B1 /* campair */ = {
			isa = PBXGroup;
			children = (
				A884D2592852CDAE004871B1 /* Application */,
				A884D25A2852CDB9004871B1 /* Utility */,
				A884D25D2852CDDD004871B1 /* View */,
				A884D2602852CDEB004871B1 /* ViewModel */,
				A884D2632852CDFE004871B1 /* UseCase */,
				A884D2662852CE0C004871B1 /* Model */,
				A884D26B2852CE2A004871B1 /* Entity */,
				911841C1285C59F5004E7BB3 /* Json */,
			);
			path = campair;
			sourceTree = "<group>";
		};
		A884D2512852CD7C004871B1 /* Preview Content */ = {
			isa = PBXGroup;
			children = (
				A884D2522852CD7C004871B1 /* Preview Assets.xcassets */,
			);
			path = "Preview Content";
			sourceTree = "<group>";
		};
		A884D2592852CDAE004871B1 /* Application */ = {
			isa = PBXGroup;
			children = (
				919EFA58285B2BF500F5ECEA /* Images */,
				A884D24F2852CD7C004871B1 /* Assets.xcassets */,
				A884D24B2852CD7B004871B1 /* CampairApp.swift */,
				A884D2512852CD7C004871B1 /* Preview Content */,
			);
			path = Application;
			sourceTree = "<group>";
		};
		A884D25A2852CDB9004871B1 /* Utility */ = {
			isa = PBXGroup;
			children = (
				CC00FAD928581E8E00BA8549 /* ColorExtension.swift */,
				CC00FADB28583B1F00BA8549 /* SafeAreaPadding.swift */,
				CC396452285B338D005DC3F8 /* ViewExtension.swift */,
			);
			path = Utility;
			sourceTree = "<group>";
		};
		A884D25D2852CDDD004871B1 /* View */ = {
			isa = PBXGroup;
			children = (
				A884D24D2852CD7B004871B1 /* ContentView.swift */,
				9194800528575D91004F4BF5 /* Editor */,
				F62A6D1A2859B99D00755AF3 /* Dictionary */,
			);
			path = View;
			sourceTree = "<group>";
		};
		A884D2602852CDEB004871B1 /* ViewModel */ = {
			isa = PBXGroup;
			children = (
				911841B0285C583F004E7BB3 /* Editor */,
				911841B1285C5848004E7BB3 /* Dictionary */,
			);
			path = ViewModel;
			sourceTree = "<group>";
		};
		A884D2632852CDFE004871B1 /* UseCase */ = {
			isa = PBXGroup;
			children = (
				CC9D118C2857336F000FEC81 /* EditorUseCase.swift */,
				911841BA285C5916004E7BB3 /* DictionaryUseCase.swift */,
			);
			path = UseCase;
			sourceTree = "<group>";
		};
		A884D2662852CE0C004871B1 /* Model */ = {
			isa = PBXGroup;
			children = (
				CC9D118E2857337A000FEC81 /* EditorRepository.swift */,
				911841BC285C5965004E7BB3 /* DictionaryRepository.swift */,
			);
			path = Model;
			sourceTree = "<group>";
		};
		A884D26B2852CE2A004871B1 /* Entity */ = {
			isa = PBXGroup;
			children = (
				91915AB4285AC33400003C7F /* Editor */,
				91915AB5285AC33D00003C7F /* Dictionary */,
			);
			path = Entity;
			sourceTree = "<group>";
		};
		C216A97E5D9208F641FD72EB /* Pods */ = {
			isa = PBXGroup;
			children = (
				0A0ECEB268ACE01987E659A3 /* Pods-campair.debug.xcconfig */,
				4467E420AFA70CB9D8286C7E /* Pods-campair.release.xcconfig */,
			);
			path = Pods;
			sourceTree = "<group>";
		};
		CC434EA72859BB5C00EB487F /* Main */ = {
			isa = PBXGroup;
			children = (
				9194800628575DAE004F4BF5 /* EditorMainView.swift */,
				9194800828581E1C004F4BF5 /* EditorCardView.swift */,
				911531CE28587B7000961E08 /* EditorEquipListView.swift */,
			);
			path = Main;
			sourceTree = "<group>";
		};
		CC434EA82859BB6600EB487F /* Detail */ = {
			isa = PBXGroup;
			children = (
				CC434EB12859CC6B00EB487F /* EditorDetailView */,
				CC434EAF2859CC2A00EB487F /* OpeningEditorView.swift */,
				CC434EAD2859C83400EB487F /* EditorRecommendEquipmentView.swift */,
				CC434EAB2859C82300EB487F /* RecommendedEquipmentCardView.swift */,
				CC434EA92859C80600EB487F /* ShareRecommendedEquipmentView.swift */,
			);
			path = Detail;
			sourceTree = "<group>";
		};
		CC434EB12859CC6B00EB487F /* EditorDetailView */ = {
			isa = PBXGroup;
			children = (
				CC434EB62859D23700EB487F /* EditorDetailView.swift */,
				CC00FAD328574F5F00BA8549 /* EditorDetailContentsVersionView.swift */,
				CC434EB22859CCBD00EB487F /* EditorDetailListVersionView.swift */,
			);
			path = EditorDetailView;
			sourceTree = "<group>";
		};
		F62A6D1A2859B99D00755AF3 /* Dictionary */ = {
			isa = PBXGroup;
			children = (
				911841AB285C57C8004E7BB3 /* Main */,
				911841AC285C57CD004E7BB3 /* Detail */,
				911841AD285C57E4004E7BB3 /* Content */,
			);
			path = Dictionary;
			sourceTree = "<group>";
		};
/* End PBXGroup section */

/* Begin PBXNativeTarget section */
		A884D2472852CD7B004871B1 /* campair */ = {
			isa = PBXNativeTarget;
			buildConfigurationList = A884D2562852CD7C004871B1 /* Build configuration list for PBXNativeTarget "campair" */;
			buildPhases = (
				D76A5444DDB6457AB77F7EBF /* [CP] Check Pods Manifest.lock */,
				A884D2442852CD7B004871B1 /* Sources */,
				A884D2452852CD7B004871B1 /* Frameworks */,
				A884D2462852CD7B004871B1 /* Resources */,
				91F74E7B285494470002A637 /* ShellScript */,
			);
			buildRules = (
			);
			dependencies = (
			);
			name = campair;
			productName = campair;
			productReference = A884D2482852CD7B004871B1 /* campair.app */;
			productType = "com.apple.product-type.application";
		};
/* End PBXNativeTarget section */

/* Begin PBXProject section */
		A884D2402852CD7B004871B1 /* Project object */ = {
			isa = PBXProject;
			attributes = {
				BuildIndependentTargetsInParallel = 1;
				LastSwiftUpdateCheck = 1340;
				LastUpgradeCheck = 1340;
				TargetAttributes = {
					A884D2472852CD7B004871B1 = {
						CreatedOnToolsVersion = 13.4.1;
					};
				};
			};
			buildConfigurationList = A884D2432852CD7B004871B1 /* Build configuration list for PBXProject "campair" */;
			compatibilityVersion = "Xcode 13.0";
			developmentRegion = en;
			hasScannedForEncodings = 0;
			knownRegions = (
				en,
				Base,
			);
			mainGroup = A884D23F2852CD7B004871B1;
			productRefGroup = A884D2492852CD7B004871B1 /* Products */;
			projectDirPath = "";
			projectRoot = "";
			targets = (
				A884D2472852CD7B004871B1 /* campair */,
			);
		};
/* End PBXProject section */

/* Begin PBXResourcesBuildPhase section */
		A884D2462852CD7B004871B1 /* Resources */ = {
			isa = PBXResourcesBuildPhase;
			buildActionMask = 2147483647;
			files = (
				91F74E7D285495C30002A637 /* .swiftlint.yml in Resources */,
				A884D2532852CD7C004871B1 /* Preview Assets.xcassets in Resources */,
				919EFA5E285B389B00F5ECEA /* 경량_체어.png in Resources */,
				91915AC0285AD52300003C7F /* EditorDetailContentData.json in Resources */,
				91B8BC292855A8CB00786C2D /* EditorMainCollectionData.json in Resources */,
				A884D2502852CD7C004871B1 /* Assets.xcassets in Resources */,
				911841AA285C559D004E7BB3 /* 먹으러_가는_차박.svg in Resources */,
				919EFA5C285B2D6100F5ECEA /* 차로_떠나는_피크닉.png in Resources */,
			);
			runOnlyForDeploymentPostprocessing = 0;
		};
/* End PBXResourcesBuildPhase section */

/* Begin PBXShellScriptBuildPhase section */
		91F74E7B285494470002A637 /* ShellScript */ = {
			isa = PBXShellScriptBuildPhase;
			buildActionMask = 2147483647;
			files = (
			);
			inputFileListPaths = (
			);
			inputPaths = (
			);
			outputFileListPaths = (
			);
			outputPaths = (
			);
			runOnlyForDeploymentPostprocessing = 0;
			shellPath = /bin/sh;
			shellScript = "${PODS_ROOT}/SwiftLint/swiftlint\n";
		};
		D76A5444DDB6457AB77F7EBF /* [CP] Check Pods Manifest.lock */ = {
			isa = PBXShellScriptBuildPhase;
			buildActionMask = 2147483647;
			files = (
			);
			inputFileListPaths = (
			);
			inputPaths = (
				"${PODS_PODFILE_DIR_PATH}/Podfile.lock",
				"${PODS_ROOT}/Manifest.lock",
			);
			name = "[CP] Check Pods Manifest.lock";
			outputFileListPaths = (
			);
			outputPaths = (
				"$(DERIVED_FILE_DIR)/Pods-campair-checkManifestLockResult.txt",
			);
			runOnlyForDeploymentPostprocessing = 0;
			shellPath = /bin/sh;
			shellScript = "diff \"${PODS_PODFILE_DIR_PATH}/Podfile.lock\" \"${PODS_ROOT}/Manifest.lock\" > /dev/null\nif [ $? != 0 ] ; then\n    # print error to STDERR\n    echo \"error: The sandbox is not in sync with the Podfile.lock. Run 'pod install' or update your CocoaPods installation.\" >&2\n    exit 1\nfi\n# This output is used by Xcode 'outputs' to avoid re-running this script phase.\necho \"SUCCESS\" > \"${SCRIPT_OUTPUT_FILE_0}\"\n";
			showEnvVarsInLog = 0;
		};
/* End PBXShellScriptBuildPhase section */

/* Begin PBXSourcesBuildPhase section */
		A884D2442852CD7B004871B1 /* Sources */ = {
			isa = PBXSourcesBuildPhase;
			buildActionMask = 2147483647;
			files = (
				913DAD3D285B7591005FDA13 /* CampairApp.swift in Sources */,
				CC00FAD428574F5F00BA8549 /* EditorDetailContentsVersionView.swift in Sources */,
				911841B5285C58A4004E7BB3 /* DictionaryContentViewModel.swift in Sources */,
				CC434EAC2859C82300EB487F /* RecommendedEquipmentCardView.swift in Sources */,
				CC434EB32859CCBD00EB487F /* EditorDetailListVersionView.swift in Sources */,
				911841B9285C58D0004E7BB3 /* DictionaryMainViewModel.swift in Sources */,
				911841B3285C586C004E7BB3 /* EditorDetailViewModel.swift in Sources */,
				CC434EB02859CC2A00EB487F /* OpeningEditorView.swift in Sources */,
				91915AB7285AC55500003C7F /* ContentEquipment.swift in Sources */,
				911841AF285C5818004E7BB3 /* DictionaryContentView.swift in Sources */,
				9194800728575DAE004F4BF5 /* EditorMainView.swift in Sources */,
				CC396453285B338D005DC3F8 /* ViewExtension.swift in Sources */,
				40610BDE285C5F3500CC7903 /* temp1.swift in Sources */,
				CC434EBC285A250600EB487F /* EquipmentGroup.swift in Sources */,
				911841B7285C58B9004E7BB3 /* DictionaryDetailViewModel.swift in Sources */,
				915AE0F62856FB8100CAC50A /* OpeningSection.swift in Sources */,
				40610BDB285C5E4200CC7903 /* temp3.swift in Sources */,
				91B8BC2D2855A91300786C2D /* EditorMainCollection.swift in Sources */,
				CC434EAA2859C80600EB487F /* ShareRecommendedEquipmentView.swift in Sources */,
				911531CF28587B7000961E08 /* EditorEquipListView.swift in Sources */,
				CC9D118B28573366000FEC81 /* EditorMainViewModel.swift in Sources */,
				91B8BC2B2855A90500786C2D /* EditorMainContent.swift in Sources */,
				CC9D118F2857337A000FEC81 /* EditorRepository.swift in Sources */,
				A884D24E2852CD7B004871B1 /* ContentView.swift in Sources */,
				CC9D1191285733A2000FEC81 /* Equipment.swift in Sources */,
				911841BD285C5965004E7BB3 /* DictionaryRepository.swift in Sources */,
				CC00FADC28583B1F00BA8549 /* SafeAreaPadding.swift in Sources */,
				CC434EAE2859C83400EB487F /* EditorRecommendEquipmentView.swift in Sources */,
				CC9D118D2857336F000FEC81 /* EditorUseCase.swift in Sources */,
				F62A6D1C2859B9BC00755AF3 /* DictionaryDetailedView.swift in Sources */,
				CC00FADA28581E8E00BA8549 /* ColorExtension.swift in Sources */,
				F62A6D1E2859BC4400755AF3 /* DictionaryMainView.swift in Sources */,
				9194800928581E1C004F4BF5 /* EditorCardView.swift in Sources */,
				911841BB285C5916004E7BB3 /* DictionaryUseCase.swift in Sources */,
				40610BD9285C5E3600CC7903 /* temp2.swift in Sources */,
				CC434EB72859D23700EB487F /* EditorDetailView.swift in Sources */,
				91915ABC285AC72100003C7F /* EditorDetailContent.swift in Sources */,
				CC434EBE285A257200EB487F /* EquipmentCollection.swift in Sources */,
				915AE0F82856FB9A00CAC50A /* EquipmentContent.swift in Sources */,
			);
			runOnlyForDeploymentPostprocessing = 0;
		};
/* End PBXSourcesBuildPhase section */

/* Begin XCBuildConfiguration section */
		A884D2542852CD7C004871B1 /* Debug */ = {
			isa = XCBuildConfiguration;
			buildSettings = {
				ALWAYS_SEARCH_USER_PATHS = NO;
				CLANG_ANALYZER_NONNULL = YES;
				CLANG_ANALYZER_NUMBER_OBJECT_CONVERSION = YES_AGGRESSIVE;
				CLANG_CXX_LANGUAGE_STANDARD = "gnu++17";
				CLANG_ENABLE_MODULES = YES;
				CLANG_ENABLE_OBJC_ARC = YES;
				CLANG_ENABLE_OBJC_WEAK = YES;
				CLANG_WARN_BLOCK_CAPTURE_AUTORELEASING = YES;
				CLANG_WARN_BOOL_CONVERSION = YES;
				CLANG_WARN_COMMA = YES;
				CLANG_WARN_CONSTANT_CONVERSION = YES;
				CLANG_WARN_DEPRECATED_OBJC_IMPLEMENTATIONS = YES;
				CLANG_WARN_DIRECT_OBJC_ISA_USAGE = YES_ERROR;
				CLANG_WARN_DOCUMENTATION_COMMENTS = YES;
				CLANG_WARN_EMPTY_BODY = YES;
				CLANG_WARN_ENUM_CONVERSION = YES;
				CLANG_WARN_INFINITE_RECURSION = YES;
				CLANG_WARN_INT_CONVERSION = YES;
				CLANG_WARN_NON_LITERAL_NULL_CONVERSION = YES;
				CLANG_WARN_OBJC_IMPLICIT_RETAIN_SELF = YES;
				CLANG_WARN_OBJC_LITERAL_CONVERSION = YES;
				CLANG_WARN_OBJC_ROOT_CLASS = YES_ERROR;
				CLANG_WARN_QUOTED_INCLUDE_IN_FRAMEWORK_HEADER = YES;
				CLANG_WARN_RANGE_LOOP_ANALYSIS = YES;
				CLANG_WARN_STRICT_PROTOTYPES = YES;
				CLANG_WARN_SUSPICIOUS_MOVE = YES;
				CLANG_WARN_UNGUARDED_AVAILABILITY = YES_AGGRESSIVE;
				CLANG_WARN_UNREACHABLE_CODE = YES;
				CLANG_WARN__DUPLICATE_METHOD_MATCH = YES;
				COPY_PHASE_STRIP = NO;
				DEBUG_INFORMATION_FORMAT = dwarf;
				ENABLE_STRICT_OBJC_MSGSEND = YES;
				ENABLE_TESTABILITY = YES;
				GCC_C_LANGUAGE_STANDARD = gnu11;
				GCC_DYNAMIC_NO_PIC = NO;
				GCC_NO_COMMON_BLOCKS = YES;
				GCC_OPTIMIZATION_LEVEL = 0;
				GCC_PREPROCESSOR_DEFINITIONS = (
					"DEBUG=1",
					"$(inherited)",
				);
				GCC_WARN_64_TO_32_BIT_CONVERSION = YES;
				GCC_WARN_ABOUT_RETURN_TYPE = YES_ERROR;
				GCC_WARN_UNDECLARED_SELECTOR = YES;
				GCC_WARN_UNINITIALIZED_AUTOS = YES_AGGRESSIVE;
				GCC_WARN_UNUSED_FUNCTION = YES;
				GCC_WARN_UNUSED_VARIABLE = YES;
				IPHONEOS_DEPLOYMENT_TARGET = 14.0;
				MTL_ENABLE_DEBUG_INFO = INCLUDE_SOURCE;
				MTL_FAST_MATH = YES;
				ONLY_ACTIVE_ARCH = YES;
				SDKROOT = iphoneos;
				SWIFT_ACTIVE_COMPILATION_CONDITIONS = DEBUG;
				SWIFT_OPTIMIZATION_LEVEL = "-Onone";
			};
			name = Debug;
		};
		A884D2552852CD7C004871B1 /* Release */ = {
			isa = XCBuildConfiguration;
			buildSettings = {
				ALWAYS_SEARCH_USER_PATHS = NO;
				CLANG_ANALYZER_NONNULL = YES;
				CLANG_ANALYZER_NUMBER_OBJECT_CONVERSION = YES_AGGRESSIVE;
				CLANG_CXX_LANGUAGE_STANDARD = "gnu++17";
				CLANG_ENABLE_MODULES = YES;
				CLANG_ENABLE_OBJC_ARC = YES;
				CLANG_ENABLE_OBJC_WEAK = YES;
				CLANG_WARN_BLOCK_CAPTURE_AUTORELEASING = YES;
				CLANG_WARN_BOOL_CONVERSION = YES;
				CLANG_WARN_COMMA = YES;
				CLANG_WARN_CONSTANT_CONVERSION = YES;
				CLANG_WARN_DEPRECATED_OBJC_IMPLEMENTATIONS = YES;
				CLANG_WARN_DIRECT_OBJC_ISA_USAGE = YES_ERROR;
				CLANG_WARN_DOCUMENTATION_COMMENTS = YES;
				CLANG_WARN_EMPTY_BODY = YES;
				CLANG_WARN_ENUM_CONVERSION = YES;
				CLANG_WARN_INFINITE_RECURSION = YES;
				CLANG_WARN_INT_CONVERSION = YES;
				CLANG_WARN_NON_LITERAL_NULL_CONVERSION = YES;
				CLANG_WARN_OBJC_IMPLICIT_RETAIN_SELF = YES;
				CLANG_WARN_OBJC_LITERAL_CONVERSION = YES;
				CLANG_WARN_OBJC_ROOT_CLASS = YES_ERROR;
				CLANG_WARN_QUOTED_INCLUDE_IN_FRAMEWORK_HEADER = YES;
				CLANG_WARN_RANGE_LOOP_ANALYSIS = YES;
				CLANG_WARN_STRICT_PROTOTYPES = YES;
				CLANG_WARN_SUSPICIOUS_MOVE = YES;
				CLANG_WARN_UNGUARDED_AVAILABILITY = YES_AGGRESSIVE;
				CLANG_WARN_UNREACHABLE_CODE = YES;
				CLANG_WARN__DUPLICATE_METHOD_MATCH = YES;
				COPY_PHASE_STRIP = NO;
				DEBUG_INFORMATION_FORMAT = "dwarf-with-dsym";
				ENABLE_NS_ASSERTIONS = NO;
				ENABLE_STRICT_OBJC_MSGSEND = YES;
				GCC_C_LANGUAGE_STANDARD = gnu11;
				GCC_NO_COMMON_BLOCKS = YES;
				GCC_WARN_64_TO_32_BIT_CONVERSION = YES;
				GCC_WARN_ABOUT_RETURN_TYPE = YES_ERROR;
				GCC_WARN_UNDECLARED_SELECTOR = YES;
				GCC_WARN_UNINITIALIZED_AUTOS = YES_AGGRESSIVE;
				GCC_WARN_UNUSED_FUNCTION = YES;
				GCC_WARN_UNUSED_VARIABLE = YES;
				IPHONEOS_DEPLOYMENT_TARGET = 14.0;
				MTL_ENABLE_DEBUG_INFO = NO;
				MTL_FAST_MATH = YES;
				SDKROOT = iphoneos;
				SWIFT_COMPILATION_MODE = wholemodule;
				SWIFT_OPTIMIZATION_LEVEL = "-O";
				VALIDATE_PRODUCT = YES;
			};
			name = Release;
		};
		A884D2572852CD7C004871B1 /* Debug */ = {
			isa = XCBuildConfiguration;
			baseConfigurationReference = 0A0ECEB268ACE01987E659A3 /* Pods-campair.debug.xcconfig */;
			buildSettings = {
				ASSETCATALOG_COMPILER_APPICON_NAME = AppIcon;
				ASSETCATALOG_COMPILER_GLOBAL_ACCENT_COLOR_NAME = AccentColor;
				CODE_SIGN_STYLE = Automatic;
				CURRENT_PROJECT_VERSION = 1;
				DEVELOPMENT_ASSET_PATHS = "\"campair/Application/Preview Content\"";
				DEVELOPMENT_TEAM = 54QH6LCWDM;
				ENABLE_PREVIEWS = YES;
				GENERATE_INFOPLIST_FILE = YES;
				INFOPLIST_KEY_UIApplicationSceneManifest_Generation = YES;
				INFOPLIST_KEY_UIApplicationSupportsIndirectInputEvents = YES;
				INFOPLIST_KEY_UILaunchScreen_Generation = YES;
				INFOPLIST_KEY_UISupportedInterfaceOrientations_iPad = "UIInterfaceOrientationPortrait UIInterfaceOrientationPortraitUpsideDown UIInterfaceOrientationLandscapeLeft UIInterfaceOrientationLandscapeRight";
				INFOPLIST_KEY_UISupportedInterfaceOrientations_iPhone = "UIInterfaceOrientationPortrait UIInterfaceOrientationLandscapeLeft UIInterfaceOrientationLandscapeRight";
				IPHONEOS_DEPLOYMENT_TARGET = 14.0;
				LD_RUNPATH_SEARCH_PATHS = (
					"$(inherited)",
					"@executable_path/Frameworks",
				);
				MARKETING_VERSION = 1.0;
				PRODUCT_BUNDLE_IDENTIFIER = com.Shin.campair;
				PRODUCT_NAME = "$(TARGET_NAME)";
				SWIFT_EMIT_LOC_STRINGS = YES;
				SWIFT_VERSION = 5.0;
				TARGETED_DEVICE_FAMILY = "1,2";
			};
			name = Debug;
		};
		A884D2582852CD7C004871B1 /* Release */ = {
			isa = XCBuildConfiguration;
			baseConfigurationReference = 4467E420AFA70CB9D8286C7E /* Pods-campair.release.xcconfig */;
			buildSettings = {
				ASSETCATALOG_COMPILER_APPICON_NAME = AppIcon;
				ASSETCATALOG_COMPILER_GLOBAL_ACCENT_COLOR_NAME = AccentColor;
				CODE_SIGN_STYLE = Automatic;
				CURRENT_PROJECT_VERSION = 1;
				DEVELOPMENT_ASSET_PATHS = "\"campair/Application/Preview Content\"";
				DEVELOPMENT_TEAM = 54QH6LCWDM;
				ENABLE_PREVIEWS = YES;
				GENERATE_INFOPLIST_FILE = YES;
				INFOPLIST_KEY_UIApplicationSceneManifest_Generation = YES;
				INFOPLIST_KEY_UIApplicationSupportsIndirectInputEvents = YES;
				INFOPLIST_KEY_UILaunchScreen_Generation = YES;
				INFOPLIST_KEY_UISupportedInterfaceOrientations_iPad = "UIInterfaceOrientationPortrait UIInterfaceOrientationPortraitUpsideDown UIInterfaceOrientationLandscapeLeft UIInterfaceOrientationLandscapeRight";
				INFOPLIST_KEY_UISupportedInterfaceOrientations_iPhone = "UIInterfaceOrientationPortrait UIInterfaceOrientationLandscapeLeft UIInterfaceOrientationLandscapeRight";
				IPHONEOS_DEPLOYMENT_TARGET = 14.0;
				LD_RUNPATH_SEARCH_PATHS = (
					"$(inherited)",
					"@executable_path/Frameworks",
				);
				MARKETING_VERSION = 1.0;
				PRODUCT_BUNDLE_IDENTIFIER = com.Shin.campair;
				PRODUCT_NAME = "$(TARGET_NAME)";
				SWIFT_EMIT_LOC_STRINGS = YES;
				SWIFT_VERSION = 5.0;
				TARGETED_DEVICE_FAMILY = "1,2";
			};
			name = Release;
		};
/* End XCBuildConfiguration section */

/* Begin XCConfigurationList section */
		A884D2432852CD7B004871B1 /* Build configuration list for PBXProject "campair" */ = {
			isa = XCConfigurationList;
			buildConfigurations = (
				A884D2542852CD7C004871B1 /* Debug */,
				A884D2552852CD7C004871B1 /* Release */,
			);
			defaultConfigurationIsVisible = 0;
			defaultConfigurationName = Release;
		};
		A884D2562852CD7C004871B1 /* Build configuration list for PBXNativeTarget "campair" */ = {
			isa = XCConfigurationList;
			buildConfigurations = (
				A884D2572852CD7C004871B1 /* Debug */,
				A884D2582852CD7C004871B1 /* Release */,
			);
			defaultConfigurationIsVisible = 0;
			defaultConfigurationName = Release;
		};
/* End XCConfigurationList section */
	};
	rootObject = A884D2402852CD7B004871B1 /* Project object */;
}
